
Microsoft Visual Studio Solution File, Format Version 12.00
# Visual Studio Version 16
VisualStudioVersion = 16.0.31911.196
MinimumVisualStudioVersion = 10.0.40219.1
Project("{FAE04EC0-301F-11D3-BF4B-00C04F79EFBC}") = "WpfEx15", "WpfEx15\WpfEx15.csproj", "{EAC4FA13-A53A-4E53-B018-E7773E12FBD8}"
EndProject
Global
	GlobalSection(SolutionConfigurationPlatforms) = preSolution
		Debug|Any CPU = Debug|Any CPU
		Release|Any CPU = Release|Any CPU
	EndGlobalSection
	GlobalSection(ProjectConfigurationPlatforms) = postSolution
		{EAC4FA13-A53A-4E53-B018-E7773E12FBD8}.Debug|Any CPU.ActiveCfg = Debug|Any CPU
		{EAC4FA13-A53A-4E53-B018-E7773E12FBD8}.Debug|Any CPU.Build.0 = Debug|Any CPU
		{EAC4FA13-A53A-4E53-B018-E7773E12FBD8}.Release|Any CPU.ActiveCfg = Release|Any CPU
		{EAC4FA13-A53A-4E53-B018-E7773E12FBD8}.Release|Any CPU.Build.0 = Release|Any CPU
	EndGlobalSection
	GlobalSection(SolutionProperties) = preSolution
		HideSolutionNode = FALSE
	EndGlobalSection
	GlobalSection(ExtensibilityGlobals) = postSolution
		SolutionGuid = {85ADE11F-A9BA-4423-9EC8-EA48183245E6}
	EndGlobalSection
EndGlobal
